
Microsoft Visual Studio Solution File, Format Version 12.00
# Visual Studio Version 16
VisualStudioVersion = 16.0.32228.343
MinimumVisualStudioVersion = 10.0.40219.1
Project("{FAE04EC0-301F-11D3-BF4B-00C04F79EFBC}") = "FunctionAss1_KrutiNayee", "FunctionAss1_KrutiNayee.csproj", "{515C3BD2-8642-41F8-A509-9983923E9D67}"
EndProject
Global
	GlobalSection(SolutionConfigurationPlatforms) = preSolution
		Debug|Any CPU = Debug|Any CPU
		Release|Any CPU = Release|Any CPU
	EndGlobalSection
	GlobalSection(ProjectConfigurationPlatforms) = postSolution
		{515C3BD2-8642-41F8-A509-9983923E9D67}.Debug|Any CPU.ActiveCfg = Debug|Any CPU
		{515C3BD2-8642-41F8-A509-9983923E9D67}.Debug|Any CPU.Build.0 = Debug|Any CPU
		{515C3BD2-8642-41F8-A509-9983923E9D67}.Release|Any CPU.ActiveCfg = Release|Any CPU
		{515C3BD2-8642-41F8-A509-9983923E9D67}.Release|Any CPU.Build.0 = Release|Any CPU
	EndGlobalSection
	GlobalSection(SolutionProperties) = preSolution
		HideSolutionNode = FALSE
	EndGlobalSection
	GlobalSection(ExtensibilityGlobals) = postSolution
		SolutionGuid = {5622F691-1A93-4170-B481-ADE5598B11ED}
	EndGlobalSection
EndGlobal
